
Microsoft Visual Studio Solution File, Format Version 12.00
# Visual Studio 15
VisualStudioVersion = 15.0.28307.168
MinimumVisualStudioVersion = 10.0.40219.1
Project("{888888A0-9F3D-457C-B088-3A5042F75D52}") = "AM.Lab2", "AM.Lab2\AM.Lab2.pyproj", "{9BE212E7-81A2-4539-83AC-564265DF49FD}"
EndProject
Global
	GlobalSection(SolutionConfigurationPlatforms) = preSolution
		Debug|Any CPU = Debug|Any CPU
		Release|Any CPU = Release|Any CPU
	EndGlobalSection
	GlobalSection(ProjectConfigurationPlatforms) = postSolution
		{9BE212E7-81A2-4539-83AC-564265DF49FD}.Debug|Any CPU.ActiveCfg = Debug|Any CPU
		{9BE212E7-81A2-4539-83AC-564265DF49FD}.Release|Any CPU.ActiveCfg = Release|Any CPU
	EndGlobalSection
	GlobalSection(SolutionProperties) = preSolution
		HideSolutionNode = FALSE
	EndGlobalSection
	GlobalSection(ExtensibilityGlobals) = postSolution
		SolutionGuid = {1309D075-C5DB-4F5D-BD50-2C6CFA8AA8F9}
	EndGlobalSection
EndGlobal
